{
    "name": "insapp-web",
    "version": "1.0.0",
    "lockfileVersion": 1,
    "requires": true,
    "dependencies": {
        "angular": {
            "version": "1.5.11",
            "resolved": "https://registry.npmjs.org/angular/-/angular-1.5.11.tgz",
            "integrity": "sha1-jFunOG8VllyazzQp9ogVU6raMNY="
        },
        "angular-animate": {
            "version": "1.3.20",
            "resolved": "https://registry.npmjs.org/angular-animate/-/angular-animate-1.3.20.tgz",
            "integrity": "sha1-0XB8cn+K0N8hxKLewgzX/ElFtSo="
        },
        "angular-bootstrap-datetimepicker": {
            "version": "1.0.1",
            "resolved": "https://registry.npmjs.org/angular-bootstrap-datetimepicker/-/angular-bootstrap-datetimepicker-1.0.1.tgz",
            "integrity": "sha1-ft4oK4fK2yeSgJIO99dzAseKBr8=",
            "requires": {
                "angular": "^1.4.9",
                "moment": "^2.11.1"
            }
        },
        "angular-busy": {
            "version": "4.1.4",
            "resolved": "https://registry.npmjs.org/angular-busy/-/angular-busy-4.1.4.tgz",
            "integrity": "sha1-tPGzM+x87THCB9tePXdmU3XRjqA="
        },
        "angular-loading-overlay": {
            "version": "0.3.1",
            "resolved": "https://registry.npmjs.org/angular-loading-overlay/-/angular-loading-overlay-0.3.1.tgz",
            "integrity": "sha1-be79ECyXc8T7uBfwLdBIFQ4yClE="
        },
        "angular-spinkit": {
            "version": "0.3.4",
            "resolved": "https://registry.npmjs.org/angular-spinkit/-/angular-spinkit-0.3.4.tgz",
            "integrity": "sha1-9EoTt4fPUlb/PJ67IyevMVEs5xU="
        },
        "moment": {
            "version": "2.24.0",
            "resolved": "https://registry.npmjs.org/moment/-/moment-2.24.0.tgz",
            "integrity": "sha512-bV7f+6l2QigeBBZSM/6yTNq4P2fNpSWj/0e7jQcy87A8e7o2nAfP/34/2ky5Vw4B9S446EtIhodAzkFCcR4dQg=="
        },
        "ng-dialog": {
            "version": "0.6.6",
            "resolved": "https://registry.npmjs.org/ng-dialog/-/ng-dialog-0.6.6.tgz",
            "integrity": "sha1-qtekfI5ByAf3AxPbEpbb6d4x2n0="
        },
        "ng-file-upload": {
            "version": "12.0.4",
            "resolved": "https://registry.npmjs.org/ng-file-upload/-/ng-file-upload-12.0.4.tgz",
            "integrity": "sha1-wiwY+jh8l3kEkhvyBIw9jYCuS+k="
        },
        "ng-loading-overlay": {
            "version": "1.2.0",
            "resolved": "https://registry.npmjs.org/ng-loading-overlay/-/ng-loading-overlay-1.2.0.tgz",
            "integrity": "sha1-P708VThUqk6/b+BkRY9MLJaRKpQ=",
            "requires": {
                "angular": "~1.4.7"
            },
            "dependencies": {
                "angular": {
                    "version": "1.4.14",
                    "resolved": "https://registry.npmjs.org/angular/-/angular-1.4.14.tgz",
                    "integrity": "sha1-nQ/q9gzm5SzlD0nuMoZW0eGHXDc="
                }
            }
        }
    }
}
